
Microsoft Visual Studio Solution File, Format Version 12.00
# Visual Studio 15
VisualStudioVersion = 15.0.27004.2010
MinimumVisualStudioVersion = 10.0.40219.1
Project("{FAE04EC0-301F-11D3-BF4B-00C04F79EFBC}") = "NetCoreSignalr", "NetCoreSignalr\NetCoreSignalr.csproj", "{AF76312F-DB00-499C-9577-C603D32FA65F}"
EndProject
Project("{FAE04EC0-301F-11D3-BF4B-00C04F79EFBC}") = "NetCoreMath", "NetCoreMath\NetCoreMath.csproj", "{B75C7B15-3124-4277-8753-62A0F4DFA1F3}"
EndProject
Global
	GlobalSection(SolutionConfigurationPlatforms) = preSolution
		Debug|Any CPU = Debug|Any CPU
		Release|Any CPU = Release|Any CPU
	EndGlobalSection
	GlobalSection(ProjectConfigurationPlatforms) = postSolution
		{AF76312F-DB00-499C-9577-C603D32FA65F}.Debug|Any CPU.ActiveCfg = Debug|Any CPU
		{AF76312F-DB00-499C-9577-C603D32FA65F}.Debug|Any CPU.Build.0 = Debug|Any CPU
		{AF76312F-DB00-499C-9577-C603D32FA65F}.Release|Any CPU.ActiveCfg = Release|Any CPU
		{AF76312F-DB00-499C-9577-C603D32FA65F}.Release|Any CPU.Build.0 = Release|Any CPU
		{B75C7B15-3124-4277-8753-62A0F4DFA1F3}.Debug|Any CPU.ActiveCfg = Debug|Any CPU
		{B75C7B15-3124-4277-8753-62A0F4DFA1F3}.Debug|Any CPU.Build.0 = Debug|Any CPU
		{B75C7B15-3124-4277-8753-62A0F4DFA1F3}.Release|Any CPU.ActiveCfg = Release|Any CPU
		{B75C7B15-3124-4277-8753-62A0F4DFA1F3}.Release|Any CPU.Build.0 = Release|Any CPU
	EndGlobalSection
	GlobalSection(SolutionProperties) = preSolution
		HideSolutionNode = FALSE
	EndGlobalSection
	GlobalSection(ExtensibilityGlobals) = postSolution
		SolutionGuid = {2AEA4C84-7911-4B40-8B4C-200E4F390AC7}
	EndGlobalSection
EndGlobal
